# generated by rye
# use `rye lock` or `rye sync` to update this lockfile
#
# last locked with the following flags:
#   pre: false
#   features: []
#   all-features: false
#   with-sources: false
#   generate-hashes: false
#   universal: false

-e file:.
beautifulsoup4==4.13.4
    # via starspace
blinker==1.9.0
    # via flask
certifi==2025.4.26
    # via requests
charset-normalizer==3.4.2
    # via requests
click==8.1.8
    # via flask
cowsay==6.1
    # via starspace
firebase==4.0.1
    # via starspace
flask==3.1.0
    # via flask-cors
    # via starspace
flask-cors==5.0.1
    # via starspace
idna==3.10
    # via requests
itsdangerous==2.2.0
    # via flask
jinja2==3.1.6
    # via flask
markupsafe==3.0.2
    # via jinja2
    # via werkzeug
npm==0.1.1
    # via starspace
optional-django==0.1.0
    # via npm
psycopg2==2.9.10
    # via starspace
requests==2.32.4
    # via firebase
    # via starspace
soupsieve==2.7
    # via beautifulsoup4
typing-extensions==4.14.0
    # via beautifulsoup4
urllib3==2.4.0
    # via requests
werkzeug==3.1.3
    # via flask
    # via flask-cors
